
Microsoft Visual Studio Solution File, Format Version 12.00
# Visual Studio Version 17
VisualStudioVersion = 17.3.32804.467
MinimumVisualStudioVersion = 10.0.40219.1
Project("{FAE04EC0-301F-11D3-BF4B-00C04F79EFBC}") = "LongStackInserters", "LongStackInserters.csproj", "{93EAB5B6-4D35-4190-9259-A723797494C3}"
EndProject
Global
	GlobalSection(SolutionConfigurationPlatforms) = preSolution
		Debug|Any CPU = Debug|Any CPU
		Release|Any CPU = Release|Any CPU
	EndGlobalSection
	GlobalSection(ProjectConfigurationPlatforms) = postSolution
		{93EAB5B6-4D35-4190-9259-A723797494C3}.Debug|Any CPU.ActiveCfg = Debug|Any CPU
		{93EAB5B6-4D35-4190-9259-A723797494C3}.Debug|Any CPU.Build.0 = Debug|Any CPU
		{93EAB5B6-4D35-4190-9259-A723797494C3}.Release|Any CPU.ActiveCfg = Release|Any CPU
		{93EAB5B6-4D35-4190-9259-A723797494C3}.Release|Any CPU.Build.0 = Release|Any CPU
	EndGlobalSection
	GlobalSection(SolutionProperties) = preSolution
		HideSolutionNode = FALSE
	EndGlobalSection
	GlobalSection(ExtensibilityGlobals) = postSolution
		SolutionGuid = {8F377DBF-5A92-48F2-896D-D1C581981B26}
	EndGlobalSection
EndGlobal
